
Microsoft Visual Studio Solution File, Format Version 12.00
# Visual Studio Version 16
VisualStudioVersion = 16.0.810.6
MinimumVisualStudioVersion = 10.0.40219.1
Project("{FAE04EC0-301F-11D3-BF4B-00C04F79EFBC}") = "WebMapAPI", "WebMapAPI.csproj", "{DDE0EA6B-5941-4DE3-A8A0-BE6C24BFAC9D}"
EndProject
Global
	GlobalSection(SolutionConfigurationPlatforms) = preSolution
		Debug|Any CPU = Debug|Any CPU
		Release|Any CPU = Release|Any CPU
	EndGlobalSection
	GlobalSection(ProjectConfigurationPlatforms) = postSolution
		{DDE0EA6B-5941-4DE3-A8A0-BE6C24BFAC9D}.Debug|Any CPU.ActiveCfg = Debug|Any CPU
		{DDE0EA6B-5941-4DE3-A8A0-BE6C24BFAC9D}.Debug|Any CPU.Build.0 = Debug|Any CPU
		{DDE0EA6B-5941-4DE3-A8A0-BE6C24BFAC9D}.Release|Any CPU.ActiveCfg = Release|Any CPU
		{DDE0EA6B-5941-4DE3-A8A0-BE6C24BFAC9D}.Release|Any CPU.Build.0 = Release|Any CPU
	EndGlobalSection
	GlobalSection(SolutionProperties) = preSolution
		HideSolutionNode = FALSE
	EndGlobalSection
	GlobalSection(ExtensibilityGlobals) = postSolution
		SolutionGuid = {59E3E5BB-F7D1-40DA-B20F-120F0A069F53}
	EndGlobalSection
EndGlobal
